
Microsoft Visual Studio Solution File, Format Version 12.00
# Visual Studio Version 16
VisualStudioVersion = 16.0.32002.261
MinimumVisualStudioVersion = 10.0.40219.1
Project("{FAE04EC0-301F-11D3-BF4B-00C04F79EFBC}") = "WebApplication6", "WebApplication6\WebApplication6.csproj", "{3F9AF0FC-808A-48F0-AAC8-9A608199547B}"
EndProject
Global
	GlobalSection(SolutionConfigurationPlatforms) = preSolution
		Debug|Any CPU = Debug|Any CPU
		Release|Any CPU = Release|Any CPU
	EndGlobalSection
	GlobalSection(ProjectConfigurationPlatforms) = postSolution
		{3F9AF0FC-808A-48F0-AAC8-9A608199547B}.Debug|Any CPU.ActiveCfg = Debug|Any CPU
		{3F9AF0FC-808A-48F0-AAC8-9A608199547B}.Debug|Any CPU.Build.0 = Debug|Any CPU
		{3F9AF0FC-808A-48F0-AAC8-9A608199547B}.Release|Any CPU.ActiveCfg = Release|Any CPU
		{3F9AF0FC-808A-48F0-AAC8-9A608199547B}.Release|Any CPU.Build.0 = Release|Any CPU
	EndGlobalSection
	GlobalSection(SolutionProperties) = preSolution
		HideSolutionNode = FALSE
	EndGlobalSection
	GlobalSection(ExtensibilityGlobals) = postSolution
		SolutionGuid = {4A0F426E-2AE6-4A54-AD5C-C67024B578F7}
	EndGlobalSection
EndGlobal
